<?xml version="1.0" encoding="utf-8"?>
<Project ToolsVersion="4.0" xmlns="http://schemas.microsoft.com/developer/msbuild/2003">
  <ItemGroup>
    <ClCompile Include="main.cpp" />
    <ClCompile Include="rdz_tools.cpp" />
    <ClCompile Include="rdz_main.cpp" />
    <ClCompile Include="rdz_ped.cpp" />
    <ClCompile Include="rdz_player.cpp" />
    <ClCompile Include="rdz_dash.cpp" />
    <ClCompile Include="rdz_keyboard.cpp" />
  </ItemGroup>
  <ItemGroup>
    <ClInclude Include="..\..\inc\enums.h">
      <Filter>include</Filter>
    </ClInclude>
    <ClInclude Include="..\..\inc\natives.h">
      <Filter>include</Filter>
    </ClInclude>
    <ClInclude Include="..\..\inc\types.h">
      <Filter>include</Filter>
    </ClInclude>
    <ClInclude Include="script.h" />
    <ClInclude Include="..\..\inc\main.h">
      <Filter>include</Filter>
    </ClInclude>
    <ClInclude Include="rdz_ped.h" />
    <ClInclude Include="rdz_tools.h" />
    <ClInclude Include="rdz_player.h" />
    <ClInclude Include="rdz_dash.h" />
    <ClInclude Include="rdz_keyboard.h" />
  </ItemGroup>
  <ItemGroup>
    <Filter Include="include">
      <UniqueIdentifier>{5d58942b-ebbf-4d0a-9526-359e3a556796}</UniqueIdentifier>
    </Filter>
  </ItemGroup>
</Project>